
Microsoft Visual Studio Solution File, Format Version 12.00
# Visual Studio Version 17
VisualStudioVersion = 17.3.32819.101
MinimumVisualStudioVersion = 10.0.40219.1
Project("{FAE04EC0-301F-11D3-BF4B-00C04F79EFBC}") = "RazprPagesDemo", "RazprPagesDemo\RazprPagesDemo.csproj", "{8D684CE6-2C83-423D-947D-B0B339F5701C}"
EndProject
Global
	GlobalSection(SolutionConfigurationPlatforms) = preSolution
		Debug|Any CPU = Debug|Any CPU
		Release|Any CPU = Release|Any CPU
	EndGlobalSection
	GlobalSection(ProjectConfigurationPlatforms) = postSolution
		{8D684CE6-2C83-423D-947D-B0B339F5701C}.Debug|Any CPU.ActiveCfg = Debug|Any CPU
		{8D684CE6-2C83-423D-947D-B0B339F5701C}.Debug|Any CPU.Build.0 = Debug|Any CPU
		{8D684CE6-2C83-423D-947D-B0B339F5701C}.Release|Any CPU.ActiveCfg = Release|Any CPU
		{8D684CE6-2C83-423D-947D-B0B339F5701C}.Release|Any CPU.Build.0 = Release|Any CPU
	EndGlobalSection
	GlobalSection(SolutionProperties) = preSolution
		HideSolutionNode = FALSE
	EndGlobalSection
	GlobalSection(ExtensibilityGlobals) = postSolution
		SolutionGuid = {FA42FB8D-DDC8-4476-B7E2-93EE9FDD736C}
	EndGlobalSection
EndGlobal
